{
  "name": "plantophile",
  "lockfileVersion": 3,
  "requires": true,
  "packages": {
    "": {
      "dependencies": {
        "dynamsoft-camera-enhancer": "^4.0.0"
      }
    },
    "node_modules/dm-fabric": {
      "version": "5.1.17",
      "resolved": "https://registry.npmjs.org/dm-fabric/-/dm-fabric-5.1.17.tgz",
      "integrity": "sha512-YouI4F+svfqTi3FM9fKG8ZqtdygzLbAzaA53QfekreLvJRqaHhCplk+2EF+cgMmuO5kY62m2Pm0pBqqV/sc5Vg==",
      "engines": {
        "node": ">=14.0.0"
      }
    },
    "node_modules/dm-howler": {
      "version": "2.2.4",
      "resolved": "https://registry.npmjs.org/dm-howler/-/dm-howler-2.2.4.tgz",
      "integrity": "sha512-h+iDEP/cyALeqWNtGdZZRwm3buSwaG26wzF6fCUGhvkF/yxYoWb8F/v7qN+urqdZw3wotZGO/01rDlzOxJUUGw=="
    },
    "node_modules/dynamsoft-camera-enhancer": {
      "version": "4.0.0",
      "resolved": "https://registry.npmjs.org/dynamsoft-camera-enhancer/-/dynamsoft-camera-enhancer-4.0.0.tgz",
      "integrity": "sha512-ezGL1tIblktdgn3llriKzRKInoE6QnM2fdCjK2OlkWPCQ84fX6qoI8ImtolFSIV64e+G5ldtCjjXeKvNBfJBFA==",
      "dependencies": {
        "dm-fabric": "^5.1.17",
        "dm-howler": "^2.2.4",
        "dynamsoft-capture-vision-router": "^2.0.11",
        "dynamsoft-core": "^3.0.10"
      }
    },
    "node_modules/dynamsoft-capture-vision-router": {
      "version": "2.0.11",
      "resolved": "https://registry.npmjs.org/dynamsoft-capture-vision-router/-/dynamsoft-capture-vision-router-2.0.11.tgz",
      "integrity": "sha512-lbEhjJPNgLXHWvihZjgeCKBLYoH4W8EJwxjqIgTfZrhQTYB7vt1riwqoImOj9LBHJLVhCjrZUu43jXQtYCl8Sw==",
      "dependencies": {
        "dynamsoft-core": "^3.0.10",
        "dynamsoft-document-normalizer": "^2.0.11"
      },
      "peerDependencies": {
        "node-fetch": "^2.6.5",
        "node-localstorage": "^2.2.1"
      },
      "peerDependenciesMeta": {
        "node-fetch": {
          "optional": true
        },
        "node-localstorage": {
          "optional": true
        }
      }
    },
    "node_modules/dynamsoft-core": {
      "version": "3.0.10",
      "resolved": "https://registry.npmjs.org/dynamsoft-core/-/dynamsoft-core-3.0.10.tgz",
      "integrity": "sha512-BN+1gjMGwQhPoH//k1b1tYerzW39nU192PTM3fWJ2ZkykXvUyGHCm3OUO3q+TlHOuvvSnDi99fNuxLEhA4kjzQ=="
    },
    "node_modules/dynamsoft-document-normalizer": {
      "version": "2.0.11",
      "resolved": "https://registry.npmjs.org/dynamsoft-document-normalizer/-/dynamsoft-document-normalizer-2.0.11.tgz",
      "integrity": "sha512-nU802PiVSip8RCmCRdLYPZqwxC+Yhm/bWnbFxmH4F0zxhQnHTgDmf0UG/o8IkLXIQ2a32FEQk1hkt+DrKTIVkQ==",
      "dependencies": {
        "dynamsoft-core": "^3.0.10"
      }
    }
  }
}
